
Microsoft Visual Studio Solution File, Format Version 12.00
# Visual Studio Version 16
VisualStudioVersion = 16.0.31624.102
MinimumVisualStudioVersion = 10.0.40219.1
Project("{FAE04EC0-301F-11D3-BF4B-00C04F79EFBC}") = "Tic-Tac-Toe", "Tic-Tac-Toe.csproj", "{4A7AE6E6-5688-42D1-BEAE-D96847B1F030}"
EndProject
Global
	GlobalSection(SolutionConfigurationPlatforms) = preSolution
		Debug|Any CPU = Debug|Any CPU
		Release|Any CPU = Release|Any CPU
	EndGlobalSection
	GlobalSection(ProjectConfigurationPlatforms) = postSolution
		{4A7AE6E6-5688-42D1-BEAE-D96847B1F030}.Debug|Any CPU.ActiveCfg = Debug|Any CPU
		{4A7AE6E6-5688-42D1-BEAE-D96847B1F030}.Debug|Any CPU.Build.0 = Debug|Any CPU
		{4A7AE6E6-5688-42D1-BEAE-D96847B1F030}.Release|Any CPU.ActiveCfg = Release|Any CPU
		{4A7AE6E6-5688-42D1-BEAE-D96847B1F030}.Release|Any CPU.Build.0 = Release|Any CPU
	EndGlobalSection
	GlobalSection(SolutionProperties) = preSolution
		HideSolutionNode = FALSE
	EndGlobalSection
	GlobalSection(ExtensibilityGlobals) = postSolution
		SolutionGuid = {37B11D94-24A9-47A5-9A22-AF4231E83C0E}
	EndGlobalSection
EndGlobal
